<?xml version="1.0" encoding="utf-8"?>
<Project ToolsVersion="4.0" xmlns="http://schemas.microsoft.com/developer/msbuild/2003">
  <ItemGroup>
    <Filter Include="Source Files">
      <UniqueIdentifier>{4FC737F1-C7A5-4376-A066-2A32D752A2FF}</UniqueIdentifier>
      <Extensions>cpp;c;cc;cxx;def;odl;idl;hpj;bat;asm;asmx</Extensions>
    </Filter>
    <Filter Include="Header Files">
      <UniqueIdentifier>{93995380-89BD-4b04-88EB-625FBE52EBFB}</UniqueIdentifier>
      <Extensions>h;hh;hpp;hxx;hm;inl;inc;xsd</Extensions>
    </Filter>
    <Filter Include="Header Files\ShaderProgram">
      <UniqueIdentifier>{f5ba91d6-30d0-47a6-8751-5b0a483a5a70}</UniqueIdentifier>
    </Filter>
    <Filter Include="Header Files\Resource Files">
      <UniqueIdentifier>{67DA6AB6-F800-4c08-8B7A-83BB121AAD01}</UniqueIdentifier>
      <Extensions>rc;ico;cur;bmp;dlg;rc2;rct;bin;rgs;gif;jpg;jpeg;jpe;resx;tiff;tif;png;wav;mfcribbon-ms</Extensions>
    </Filter>
    <Filter Include="Header Files\Resource Files\Model">
      <UniqueIdentifier>{6faf6b56-dd8b-4fa0-adba-98ab359a269f}</UniqueIdentifier>
    </Filter>
    <Filter Include="Header Files\Resource Files\Texture">
      <UniqueIdentifier>{d2ce5ec3-d355-4d2e-9988-41a71c699392}</UniqueIdentifier>
    </Filter>
    <Filter Include="Header Files\Debug">
      <UniqueIdentifier>{9aa7abf1-97a0-47ec-bfb3-ee59a5158e77}</UniqueIdentifier>
    </Filter>
  </ItemGroup>
  <ItemGroup>
    <ClCompile Include="Mesh.cpp">
      <Filter>Source Files</Filter>
    </ClCompile>
    <ClCompile Include="D3DManager.cpp">
      <Filter>Source Files</Filter>
    </ClCompile>
    <ClCompile Include="Camera.cpp">
      <Filter>Source Files</Filter>
    </ClCompile>
    <ClCompile Include="GameObject.cpp">
      <Filter>Source Files</Filter>
    </ClCompile>
    <ClCompile Include="Graphics.cpp">
      <Filter>Source Files</Filter>
    </ClCompile>
    <ClCompile Include="Input.cpp">
      <Filter>Source Files</Filter>
    </ClCompile>
    <ClCompile Include="main.cpp">
      <Filter>Source Files</Filter>
    </ClCompile>
    <ClCompile Include="WindowInit.cpp">
      <Filter>Source Files</Filter>
    </ClCompile>
    <ClCompile Include="Shader.cpp">
      <Filter>Source Files</Filter>
    </ClCompile>
    <ClCompile Include="Timer.cpp">
      <Filter>Source Files</Filter>
    </ClCompile>
    <ClCompile Include="Game.cpp">
      <Filter>Source Files</Filter>
    </ClCompile>
    <ClCompile Include="Light.cpp">
      <Filter>Source Files</Filter>
    </ClCompile>
    <ClCompile Include="PointLightObject.cpp">
      <Filter>Source Files</Filter>
    </ClCompile>
    <ClCompile Include="Object.cpp">
      <Filter>Source Files</Filter>
    </ClCompile>
    <ClCompile Include="Texture2D.cpp">
      <Filter>Source Files</Filter>
    </ClCompile>
    <ClCompile Include="MeshLoader.cpp">
      <Filter>Source Files</Filter>
    </ClCompile>
    <ClCompile Include="FirstPersonCamera.cpp">
      <Filter>Source Files</Filter>
    </ClCompile>
    <ClCompile Include="WaveMesh.cpp">
      <Filter>Source Files</Filter>
    </ClCompile>
    <ClCompile Include="TreeBillBoard.cpp">
      <Filter>Source Files</Filter>
    </ClCompile>
    <ClCompile Include="MathUtility.cpp">
      <Filter>Source Files</Filter>
    </ClCompile>
    <ClCompile Include="BiillBoardShader.cpp">
      <Filter>Source Files</Filter>
    </ClCompile>
    <ClCompile Include="TreeBillBoardObject.cpp">
      <Filter>Source Files</Filter>
    </ClCompile>
    <ClCompile Include="GUI.cpp">
      <Filter>Source Files</Filter>
    </ClCompile>
    <ClCompile Include="GUIShader.cpp">
      <Filter>Source Files</Filter>
    </ClCompile>
    <ClCompile Include="PostProcess.cpp">
      <Filter>Source Files</Filter>
    </ClCompile>
    <ClCompile Include="BluringPostProcess.cpp">
      <Filter>Source Files</Filter>
    </ClCompile>
    <ClCompile Include="ComputeShader.cpp">
      <Filter>Source Files</Filter>
    </ClCompile>
    <ClCompile Include="BlurringComputeShader.cpp">
      <Filter>Source Files</Filter>
    </ClCompile>
    <ClCompile Include="BaseShader.cpp">
      <Filter>Source Files</Filter>
    </ClCompile>
    <ClCompile Include="Terrain.cpp">
      <Filter>Source Files</Filter>
    </ClCompile>
    <ClCompile Include="TerrainShader.cpp">
      <Filter>Source Files</Filter>
    </ClCompile>
    <ClCompile Include="SkyBox.cpp">
      <Filter>Source Files</Filter>
    </ClCompile>
    <ClCompile Include="SkyBoxShader.cpp">
      <Filter>Source Files</Filter>
    </ClCompile>
    <ClCompile Include="DynamicCubeMap.cpp">
      <Filter>Source Files</Filter>
    </ClCompile>
    <ClCompile Include="TankObject.cpp">
      <Filter>Source Files</Filter>
    </ClCompile>
    <ClCompile Include="TankPlayerObject.cpp">
      <Filter>Source Files</Filter>
    </ClCompile>
    <ClCompile Include="AABBCollider.cpp">
      <Filter>Source Files</Filter>
    </ClCompile>
    <ClCompile Include="PhysicsObject.cpp">
      <Filter>Source Files</Filter>
    </ClCompile>
    <ClCompile Include="BulletObject.cpp">
      <Filter>Source Files</Filter>
    </ClCompile>
  </ItemGroup>
  <ItemGroup>
    <ClInclude Include="Graphics.h">
      <Filter>Header Files</Filter>
    </ClInclude>
    <ClInclude Include="Input.h">
      <Filter>Header Files</Filter>
    </ClInclude>
    <ClInclude Include="WindowInit.h">
      <Filter>Header Files</Filter>
    </ClInclude>
    <ClInclude Include="Mesh.h">
      <Filter>Header Files</Filter>
    </ClInclude>
    <ClInclude Include="Vertex.h">
      <Filter>Header Files</Filter>
    </ClInclude>
    <ClInclude Include="D3DManager.h">
      <Filter>Header Files</Filter>
    </ClInclude>
    <ClInclude Include="Camera.h">
      <Filter>Header Files</Filter>
    </ClInclude>
    <ClInclude Include="GameObject.h">
      <Filter>Header Files</Filter>
    </ClInclude>
    <ClInclude Include="Shader.h">
      <Filter>Header Files</Filter>
    </ClInclude>
    <ClInclude Include="Timer.h">
      <Filter>Header Files</Filter>
    </ClInclude>
    <ClInclude Include="Game.h">
      <Filter>Header Files</Filter>
    </ClInclude>
    <ClInclude Include="Define.h">
      <Filter>Header Files</Filter>
    </ClInclude>
    <ClInclude Include="Light.h">
      <Filter>Header Files</Filter>
    </ClInclude>
    <ClInclude Include="PointLightObject.h">
      <Filter>Header Files</Filter>
    </ClInclude>
    <ClInclude Include="Object.h">
      <Filter>Header Files</Filter>
    </ClInclude>
    <ClInclude Include="Texture2D.h">
      <Filter>Header Files</Filter>
    </ClInclude>
    <ClInclude Include="MeshLoader.h">
      <Filter>Header Files</Filter>
    </ClInclude>
    <ClInclude Include="FirstPersonCamera.h">
      <Filter>Header Files</Filter>
    </ClInclude>
    <ClInclude Include="WaveMesh.h">
      <Filter>Header Files</Filter>
    </ClInclude>
    <ClInclude Include="TreeBillBoard.h">
      <Filter>Header Files</Filter>
    </ClInclude>
    <ClInclude Include="MathUtility.h">
      <Filter>Header Files</Filter>
    </ClInclude>
    <ClInclude Include="BiillBoardShader.h">
      <Filter>Header Files</Filter>
    </ClInclude>
    <ClInclude Include="TreeBillBoardObject.h">
      <Filter>Header Files</Filter>
    </ClInclude>
    <ClInclude Include="GUI.h">
      <Filter>Header Files</Filter>
    </ClInclude>
    <ClInclude Include="GUIShader.h">
      <Filter>Header Files</Filter>
    </ClInclude>
    <ClInclude Include="PostProcess.h">
      <Filter>Header Files</Filter>
    </ClInclude>
    <ClInclude Include="resource.h">
      <Filter>Header Files</Filter>
    </ClInclude>
    <ClInclude Include="BluringPostProcess.h">
      <Filter>Header Files</Filter>
    </ClInclude>
    <ClInclude Include="ComputeShader.h">
      <Filter>Header Files</Filter>
    </ClInclude>
    <ClInclude Include="BlurringComputeShader.h">
      <Filter>Header Files</Filter>
    </ClInclude>
    <ClInclude Include="BaseShader.h">
      <Filter>Header Files</Filter>
    </ClInclude>
    <ClInclude Include="Terrain.h">
      <Filter>Header Files</Filter>
    </ClInclude>
    <ClInclude Include="TerrainShader.h">
      <Filter>Header Files</Filter>
    </ClInclude>
    <ClInclude Include="SkyBox.h">
      <Filter>Header Files</Filter>
    </ClInclude>
    <ClInclude Include="SkyBoxShader.h">
      <Filter>Header Files</Filter>
    </ClInclude>
    <ClInclude Include="DynamicCubeMap.h">
      <Filter>Header Files</Filter>
    </ClInclude>
    <ClInclude Include="TankObject.h">
      <Filter>Header Files</Filter>
    </ClInclude>
    <ClInclude Include="TankPlayerObject.h">
      <Filter>Header Files</Filter>
    </ClInclude>
    <ClInclude Include="AABBCollider.h">
      <Filter>Header Files</Filter>
    </ClInclude>
    <ClInclude Include="PhysicsObject.h">
      <Filter>Header Files</Filter>
    </ClInclude>
    <ClInclude Include="BulletObject.h">
      <Filter>Header Files</Filter>
    </ClInclude>
  </ItemGroup>
  <ItemGroup>
    <None Include="ShaderProgram\ColorPixelShader.ps">
      <Filter>Header Files\ShaderProgram</Filter>
    </None>
    <None Include="ShaderProgram\ColorVertexShader.vs">
      <Filter>Header Files\ShaderProgram</Filter>
    </None>
    <None Include="ShaderProgram\StandardShader.ps">
      <Filter>Header Files\ShaderProgram</Filter>
    </None>
    <None Include="ShaderProgram\StandardShader.vs">
      <Filter>Header Files\ShaderProgram</Filter>
    </None>
    <None Include="ShaderProgram\TreeBillBoard.vs">
      <Filter>Header Files\ShaderProgram</Filter>
    </None>
    <None Include="ShaderProgram\TreeBillBoard.gs">
      <Filter>Header Files\ShaderProgram</Filter>
    </None>
    <None Include="ShaderProgram\TreeBillBoard.ps">
      <Filter>Header Files\ShaderProgram</Filter>
    </None>
    <None Include="ShaderProgram\GUIShader.ps">
      <Filter>Header Files\ShaderProgram</Filter>
    </None>
    <None Include="ShaderProgram\GUIShader.vs">
      <Filter>Header Files\ShaderProgram</Filter>
    </None>
    <None Include="ShaderProgram\VerticalBlur.css">
      <Filter>Header Files\ShaderProgram</Filter>
    </None>
    <None Include="ShaderProgram\HorizontalBlur.css">
      <Filter>Header Files\ShaderProgram</Filter>
    </None>
    <None Include="ShaderProgram\TerrainDomainShader.ds">
      <Filter>Header Files\ShaderProgram</Filter>
    </None>
    <None Include="ShaderProgram\TerrainHullShader.hs">
      <Filter>Header Files\ShaderProgram</Filter>
    </None>
    <None Include="ShaderProgram\TerrainPixelShader.ps">
      <Filter>Header Files\ShaderProgram</Filter>
    </None>
    <None Include="ShaderProgram\TerrainVertexShader.vs">
      <Filter>Header Files\ShaderProgram</Filter>
    </None>
    <None Include="Light.hlslLib">
      <Filter>Header Files\ShaderProgram</Filter>
    </None>
    <None Include="ShaderProgram\SkyBoxShader.ps">
      <Filter>Header Files\ShaderProgram</Filter>
    </None>
    <None Include="ShaderProgram\SkyBoxShader.vs">
      <Filter>Header Files\ShaderProgram</Filter>
    </None>
    <None Include="ShaderProgram\AABB.ps">
      <Filter>Header Files\ShaderProgram</Filter>
    </None>
    <None Include="ShaderProgram\AABB.vs">
      <Filter>Header Files\ShaderProgram</Filter>
    </None>
  </ItemGroup>
  <ItemGroup>
    <Text Include="Model\skull.txt">
      <Filter>Header Files\Resource Files\Model</Filter>
    </Text>
    <Text Include="Model\car.txt">
      <Filter>Header Files\Resource Files\Model</Filter>
    </Text>
    <Text Include="shader-error.txt">
      <Filter>Header Files\Debug</Filter>
    </Text>
  </ItemGroup>
  <ItemGroup>
    <Image Include="Texture\brick.jpg">
      <Filter>Header Files\Resource Files\Texture</Filter>
    </Image>
  </ItemGroup>
  <ItemGroup>
    <ResourceCompile Include="Engine.rc">
      <Filter>Header Files\Resource Files</Filter>
    </ResourceCompile>
  </ItemGroup>
</Project>